
Microsoft Visual Studio Solution File, Format Version 12.00
# Visual Studio Version 16
VisualStudioVersion = 16.0.30503.244
MinimumVisualStudioVersion = 10.0.40219.1
Project("{8BC9CEB8-8B4A-11D0-8D11-00A0C91BC942}") = "anubis_win_x64", "anubis_win_x64\anubis_win_x64.vcxproj", "{A73A706A-49A0-4CF8-9D74-79EA022E5E25}"
EndProject
Global
	GlobalSection(SolutionConfigurationPlatforms) = preSolution
		Debug|Win32 = Debug|Win32
		Debug|x64 = Debug|x64
		Debug|x86 = Debug|x86
		Release|Win32 = Release|Win32
		Release|x64 = Release|x64
		Release|x86 = Release|x86
	EndGlobalSection
	GlobalSection(ProjectConfigurationPlatforms) = postSolution
		{A73A706A-49A0-4CF8-9D74-79EA022E5E25}.Debug|Win32.ActiveCfg = Debug|Win32
		{A73A706A-49A0-4CF8-9D74-79EA022E5E25}.Debug|Win32.Build.0 = Debug|Win32
		{A73A706A-49A0-4CF8-9D74-79EA022E5E25}.Debug|x64.ActiveCfg = Debug|x64
		{A73A706A-49A0-4CF8-9D74-79EA022E5E25}.Debug|x64.Build.0 = Debug|x64
		{A73A706A-49A0-4CF8-9D74-79EA022E5E25}.Debug|x86.ActiveCfg = Debug|Win32
		{A73A706A-49A0-4CF8-9D74-79EA022E5E25}.Debug|x86.Build.0 = Debug|Win32
		{A73A706A-49A0-4CF8-9D74-79EA022E5E25}.Release|Win32.ActiveCfg = Release|Win32
		{A73A706A-49A0-4CF8-9D74-79EA022E5E25}.Release|Win32.Build.0 = Release|Win32
		{A73A706A-49A0-4CF8-9D74-79EA022E5E25}.Release|x64.ActiveCfg = Release|x64
		{A73A706A-49A0-4CF8-9D74-79EA022E5E25}.Release|x64.Build.0 = Release|x64
		{A73A706A-49A0-4CF8-9D74-79EA022E5E25}.Release|x86.ActiveCfg = Release|Win32
		{A73A706A-49A0-4CF8-9D74-79EA022E5E25}.Release|x86.Build.0 = Release|Win32
	EndGlobalSection
	GlobalSection(SolutionProperties) = preSolution
		HideSolutionNode = FALSE
	EndGlobalSection
	GlobalSection(ExtensibilityGlobals) = postSolution
		SolutionGuid = {8256D6D5-25AF-43F2-9074-F56F1DD1D27B}
	EndGlobalSection
EndGlobal
